
Microsoft Visual Studio Solution File, Format Version 12.00
# Visual Studio Version 17
VisualStudioVersion = 17.0.31903.59
MinimumVisualStudioVersion = 10.0.40219.1
Project("{FAE04EC0-301F-11D3-BF4B-00C04F79EFBC}") = "GpchMailApi", "GpchMailApi\GpchMailApi.csproj", "{3C58D414-1E39-458F-BF54-8AA62A3977B5}"
EndProject
Project("{FAE04EC0-301F-11D3-BF4B-00C04F79EFBC}") = "GpchFrontend", "GpchFrontend\GpchFrontend.csproj", "{41C93D0B-9F1A-48CD-8B0E-83E3D7812FA5}"
EndProject
Global
	GlobalSection(SolutionConfigurationPlatforms) = preSolution
		Debug|Any CPU = Debug|Any CPU
		Debug|x64 = Debug|x64
		Debug|x86 = Debug|x86
		Release|Any CPU = Release|Any CPU
		Release|x64 = Release|x64
		Release|x86 = Release|x86
	EndGlobalSection
	GlobalSection(ProjectConfigurationPlatforms) = postSolution
		{3C58D414-1E39-458F-BF54-8AA62A3977B5}.Debug|Any CPU.ActiveCfg = Debug|Any CPU
		{3C58D414-1E39-458F-BF54-8AA62A3977B5}.Debug|Any CPU.Build.0 = Debug|Any CPU
		{3C58D414-1E39-458F-BF54-8AA62A3977B5}.Debug|x64.ActiveCfg = Debug|Any CPU
		{3C58D414-1E39-458F-BF54-8AA62A3977B5}.Debug|x64.Build.0 = Debug|Any CPU
		{3C58D414-1E39-458F-BF54-8AA62A3977B5}.Debug|x86.ActiveCfg = Debug|Any CPU
		{3C58D414-1E39-458F-BF54-8AA62A3977B5}.Debug|x86.Build.0 = Debug|Any CPU
		{3C58D414-1E39-458F-BF54-8AA62A3977B5}.Release|Any CPU.ActiveCfg = Release|Any CPU
		{3C58D414-1E39-458F-BF54-8AA62A3977B5}.Release|Any CPU.Build.0 = Release|Any CPU
		{3C58D414-1E39-458F-BF54-8AA62A3977B5}.Release|x64.ActiveCfg = Release|Any CPU
		{3C58D414-1E39-458F-BF54-8AA62A3977B5}.Release|x64.Build.0 = Release|Any CPU
		{3C58D414-1E39-458F-BF54-8AA62A3977B5}.Release|x86.ActiveCfg = Release|Any CPU
		{3C58D414-1E39-458F-BF54-8AA62A3977B5}.Release|x86.Build.0 = Release|Any CPU
		{41C93D0B-9F1A-48CD-8B0E-83E3D7812FA5}.Debug|Any CPU.ActiveCfg = Debug|Any CPU
		{41C93D0B-9F1A-48CD-8B0E-83E3D7812FA5}.Debug|Any CPU.Build.0 = Debug|Any CPU
		{41C93D0B-9F1A-48CD-8B0E-83E3D7812FA5}.Debug|x64.ActiveCfg = Debug|Any CPU
		{41C93D0B-9F1A-48CD-8B0E-83E3D7812FA5}.Debug|x64.Build.0 = Debug|Any CPU
		{41C93D0B-9F1A-48CD-8B0E-83E3D7812FA5}.Debug|x86.ActiveCfg = Debug|Any CPU
		{41C93D0B-9F1A-48CD-8B0E-83E3D7812FA5}.Debug|x86.Build.0 = Debug|Any CPU
		{41C93D0B-9F1A-48CD-8B0E-83E3D7812FA5}.Release|Any CPU.ActiveCfg = Release|Any CPU
		{41C93D0B-9F1A-48CD-8B0E-83E3D7812FA5}.Release|Any CPU.Build.0 = Release|Any CPU
		{41C93D0B-9F1A-48CD-8B0E-83E3D7812FA5}.Release|x64.ActiveCfg = Release|Any CPU
		{41C93D0B-9F1A-48CD-8B0E-83E3D7812FA5}.Release|x64.Build.0 = Release|Any CPU
		{41C93D0B-9F1A-48CD-8B0E-83E3D7812FA5}.Release|x86.ActiveCfg = Release|Any CPU
		{41C93D0B-9F1A-48CD-8B0E-83E3D7812FA5}.Release|x86.Build.0 = Release|Any CPU
	EndGlobalSection
	GlobalSection(SolutionProperties) = preSolution
		HideSolutionNode = FALSE
	EndGlobalSection
	GlobalSection(ExtensibilityGlobals) = postSolution
		SolutionGuid = {1CDD10B9-8191-4611-968B-66B75FF497CC}
	EndGlobalSection
EndGlobal
